
Microsoft Visual Studio Solution File, Format Version 12.00
# Visual Studio Version 17
VisualStudioVersion = 17.8.34330.188
MinimumVisualStudioVersion = 10.0.40219.1
Project("{FAE04EC0-301F-11D3-BF4B-00C04F79EFBC}") = "Domain", "Domain\Domain.csproj", "{B1819A31-E416-49F9-9DD2-2C1182164CC7}"
EndProject
Project("{FAE04EC0-301F-11D3-BF4B-00C04F79EFBC}") = "Application", "Application\Application.csproj", "{A386025A-1DDD-4453-9BD6-A0886571BE1B}"
EndProject
Project("{FAE04EC0-301F-11D3-BF4B-00C04F79EFBC}") = "Infrastructure", "Infrastructure\Infrastructure.csproj", "{FB5FFA2F-36AD-4D92-A028-D28B232F1E6A}"
EndProject
Project("{FAE04EC0-301F-11D3-BF4B-00C04F79EFBC}") = "WebAPI", "WebAPI\WebAPI.csproj", "{D6932BAA-9E21-403A-B5A9-331E4FA936D3}"
EndProject
Global
	GlobalSection(SolutionConfigurationPlatforms) = preSolution
		Debug|Any CPU = Debug|Any CPU
		Release|Any CPU = Release|Any CPU
	EndGlobalSection
	GlobalSection(ProjectConfigurationPlatforms) = postSolution
		{B1819A31-E416-49F9-9DD2-2C1182164CC7}.Debug|Any CPU.ActiveCfg = Debug|Any CPU
		{B1819A31-E416-49F9-9DD2-2C1182164CC7}.Debug|Any CPU.Build.0 = Debug|Any CPU
		{B1819A31-E416-49F9-9DD2-2C1182164CC7}.Release|Any CPU.ActiveCfg = Release|Any CPU
		{B1819A31-E416-49F9-9DD2-2C1182164CC7}.Release|Any CPU.Build.0 = Release|Any CPU
		{A386025A-1DDD-4453-9BD6-A0886571BE1B}.Debug|Any CPU.ActiveCfg = Debug|Any CPU
		{A386025A-1DDD-4453-9BD6-A0886571BE1B}.Debug|Any CPU.Build.0 = Debug|Any CPU
		{A386025A-1DDD-4453-9BD6-A0886571BE1B}.Release|Any CPU.ActiveCfg = Release|Any CPU
		{A386025A-1DDD-4453-9BD6-A0886571BE1B}.Release|Any CPU.Build.0 = Release|Any CPU
		{FB5FFA2F-36AD-4D92-A028-D28B232F1E6A}.Debug|Any CPU.ActiveCfg = Debug|Any CPU
		{FB5FFA2F-36AD-4D92-A028-D28B232F1E6A}.Debug|Any CPU.Build.0 = Debug|Any CPU
		{FB5FFA2F-36AD-4D92-A028-D28B232F1E6A}.Release|Any CPU.ActiveCfg = Release|Any CPU
		{FB5FFA2F-36AD-4D92-A028-D28B232F1E6A}.Release|Any CPU.Build.0 = Release|Any CPU
		{D6932BAA-9E21-403A-B5A9-331E4FA936D3}.Debug|Any CPU.ActiveCfg = Debug|Any CPU
		{D6932BAA-9E21-403A-B5A9-331E4FA936D3}.Debug|Any CPU.Build.0 = Debug|Any CPU
		{D6932BAA-9E21-403A-B5A9-331E4FA936D3}.Release|Any CPU.ActiveCfg = Release|Any CPU
		{D6932BAA-9E21-403A-B5A9-331E4FA936D3}.Release|Any CPU.Build.0 = Release|Any CPU
	EndGlobalSection
	GlobalSection(SolutionProperties) = preSolution
		HideSolutionNode = FALSE
	EndGlobalSection
	GlobalSection(ExtensibilityGlobals) = postSolution
		SolutionGuid = {F4799398-EEFA-4540-B39D-B7AB2C5318AF}
	EndGlobalSection
EndGlobal
